
Microsoft Visual Studio Solution File, Format Version 12.00
# Visual Studio Version 16
VisualStudioVersion = 16.0.29721.120
MinimumVisualStudioVersion = 10.0.40219.1
Project("{FAE04EC0-301F-11D3-BF4B-00C04F79EFBC}") = "NFLDivisions", "NFLDivisions\NFLDivisions.csproj", "{08F2E161-E456-426B-80EC-193CC0FBFDD4}"
EndProject
Global
	GlobalSection(SolutionConfigurationPlatforms) = preSolution
		Debug|Any CPU = Debug|Any CPU
		Release|Any CPU = Release|Any CPU
	EndGlobalSection
	GlobalSection(ProjectConfigurationPlatforms) = postSolution
		{08F2E161-E456-426B-80EC-193CC0FBFDD4}.Debug|Any CPU.ActiveCfg = Debug|Any CPU
		{08F2E161-E456-426B-80EC-193CC0FBFDD4}.Debug|Any CPU.Build.0 = Debug|Any CPU
		{08F2E161-E456-426B-80EC-193CC0FBFDD4}.Release|Any CPU.ActiveCfg = Release|Any CPU
		{08F2E161-E456-426B-80EC-193CC0FBFDD4}.Release|Any CPU.Build.0 = Release|Any CPU
	EndGlobalSection
	GlobalSection(SolutionProperties) = preSolution
		HideSolutionNode = FALSE
	EndGlobalSection
	GlobalSection(ExtensibilityGlobals) = postSolution
		SolutionGuid = {C94319E5-2570-4CE8-8386-D988538A0E68}
	EndGlobalSection
EndGlobal
